{
  "name": "sfn-sdopx-engine",
  "version": "0.1.0",
  "lockfileVersion": 1,
  "requires": true,
  "dependencies": {
    "@types/node": {
      "version": "9.6.0",
      "resolved": "https://registry.npmjs.org/@types/node/-/node-9.6.0.tgz",
      "integrity": "sha512-h3YZbOq2+ZoDFI1z8Zx0Ck/xRWkOESVaLdgLdd/c25mMQ1Y2CAkILu9ny5A15S5f32gGcQdaUIZ2jzYr8D7IFg=="
    },
    "sdopx": {
      "version": "1.2.25",
      "resolved": "https://registry.npmjs.org/sdopx/-/sdopx-1.2.25.tgz",
      "integrity": "sha512-fQbZREoLuBKs9La4qeYeG14KENaN+MqaWgz7lztys5cxQypC3uJXjHqy9l6OPvcT0pCrCZ9AeCQKmmbKPtuWGA==",
      "requires": {
        "@types/node": "6.0.103"
      },
      "dependencies": {
        "@types/node": {
          "version": "6.0.103",
          "resolved": "https://registry.npmjs.org/@types/node/-/node-6.0.103.tgz",
          "integrity": "sha512-EHU5B9OlENiGEziLiC2XjhjBoVTiX6s4JwZrMHkLQzrzOA0bfZKfcT3fZaalgujcrs2O97VgKaxqguwV+12UJQ=="
        }
      }
    }
  }
}
